// !$*UTF8*$!
{
	archiveVersion = 1;
	classes = {
	};
	objectVersion = 77;
	objects = {
/* Begin PBXBuildFile section */
		F1000000000000000000001 /* ClosuresDemoApp.swift in Sources */ = {isa = PBXBuildFile; fileRef = F0000000000000000000001 /* ClosuresDemoApp.swift */; };
		F1000000000000000000002 /* ContentView.swift in Sources */ = {isa = PBXBuildFile; fileRef = F0000000000000000000002 /* ContentView.swift */; };
		F1000000000000000000003 /* EvalCounter.swift in Sources */ = {isa = PBXBuildFile; fileRef = F0000000000000000000003 /* EvalCounter.swift */; };
		F1000000000000000000004 /* Handler.swift in Sources */ = {isa = PBXBuildFile; fileRef = F0000000000000000000004 /* Handler.swift */; };
		F1000000000000000000005 /* DemoComponents.swift in Sources */ = {isa = PBXBuildFile; fileRef = F0000000000000000000005 /* DemoComponents.swift */; };
		F1000000000000000000006 /* Demo1_EnvironmentClosure.swift in Sources */ = {isa = PBXBuildFile; fileRef = F0000000000000000000006 /* Demo1_EnvironmentClosure.swift */; };
		F1000000000000000000007 /* Demo2_ViewPropertyClosure.swift in Sources */ = {isa = PBXBuildFile; fileRef = F0000000000000000000007 /* Demo2_ViewPropertyClosure.swift */; };
		F1000000000000000000008 /* Demo3_BestPractice.swift in Sources */ = {isa = PBXBuildFile; fileRef = F0000000000000000000008 /* Demo3_BestPractice.swift */; };
		F1000000000000000000010 /* Demo4_CompoundEffect.swift in Sources */ = {isa = PBXBuildFile; fileRef = F0000000000000000000010 /* Demo4_CompoundEffect.swift */; };
		F1000000000000000000009 /* ClosureBehaviorTests.swift in Sources */ = {isa = PBXBuildFile; fileRef = F0000000000000000000009 /* ClosureBehaviorTests.swift */; };
/* End PBXBuildFile section */

/* Begin PBXFileReference section */
		F0000000000000000000001 /* ClosuresDemoApp.swift */ = {isa = PBXFileReference; lastKnownFileType = sourcecode.swift; path = ClosuresDemoApp.swift; sourceTree = "<group>"; };
		F0000000000000000000002 /* ContentView.swift */ = {isa = PBXFileReference; lastKnownFileType = sourcecode.swift; path = ContentView.swift; sourceTree = "<group>"; };
		F0000000000000000000003 /* EvalCounter.swift */ = {isa = PBXFileReference; lastKnownFileType = sourcecode.swift; path = EvalCounter.swift; sourceTree = "<group>"; };
		F0000000000000000000004 /* Handler.swift */ = {isa = PBXFileReference; lastKnownFileType = sourcecode.swift; path = Handler.swift; sourceTree = "<group>"; };
		F0000000000000000000005 /* DemoComponents.swift */ = {isa = PBXFileReference; lastKnownFileType = sourcecode.swift; path = DemoComponents.swift; sourceTree = "<group>"; };
		F0000000000000000000006 /* Demo1_EnvironmentClosure.swift */ = {isa = PBXFileReference; lastKnownFileType = sourcecode.swift; path = Demo1_EnvironmentClosure.swift; sourceTree = "<group>"; };
		F0000000000000000000007 /* Demo2_ViewPropertyClosure.swift */ = {isa = PBXFileReference; lastKnownFileType = sourcecode.swift; path = Demo2_ViewPropertyClosure.swift; sourceTree = "<group>"; };
		F0000000000000000000008 /* Demo3_BestPractice.swift */ = {isa = PBXFileReference; lastKnownFileType = sourcecode.swift; path = Demo3_BestPractice.swift; sourceTree = "<group>"; };
		F0000000000000000000010 /* Demo4_CompoundEffect.swift */ = {isa = PBXFileReference; lastKnownFileType = sourcecode.swift; path = Demo4_CompoundEffect.swift; sourceTree = "<group>"; };
		F0000000000000000000009 /* ClosureBehaviorTests.swift */ = {isa = PBXFileReference; lastKnownFileType = sourcecode.swift; path = ClosureBehaviorTests.swift; sourceTree = "<group>"; };
		AA000000000000000000008 /* ClosuresDemo.app */ = {isa = PBXFileReference; explicitFileType = wrapper.application; includeInIndex = 0; path = ClosuresDemo.app; sourceTree = BUILT_PRODUCTS_DIR; };
		BB000000000000000000007 /* ClosuresDemoTests.xctest */ = {isa = PBXFileReference; explicitFileType = wrapper.cfbundle; includeInIndex = 0; path = ClosuresDemoTests.xctest; sourceTree = BUILT_PRODUCTS_DIR; };
/* End PBXFileReference section */

/* Begin PBXFrameworksBuildPhase section */

		AA000000000000000000003 = {
			isa = PBXFrameworksBuildPhase;
			buildActionMask = 2147483647;
			files = (
			);
			runOnlyForDeploymentPostprocessing = 0;
		};

		BB000000000000000000003 = {
			isa = PBXFrameworksBuildPhase;
			buildActionMask = 2147483647;
			files = (
			);
			runOnlyForDeploymentPostprocessing = 0;
		};
/* End PBXFrameworksBuildPhase section */

/* Begin PBXGroup section */

		8A1B2C3D4E5F6A7B8C9D0E20 = {
			isa = PBXGroup;
			children = (
				8A1B2C3D4E5F6A7B8C9D0E22 /* Shared */,
				8A1B2C3D4E5F6A7B8C9D0E23 /* Demos */,
				F0000000000000000000001 /* ClosuresDemoApp.swift */,
				F0000000000000000000002 /* ContentView.swift */,
				8A1B2C3D4E5F6A7B8C9D0E24 /* ClosuresDemoTests */,
				8A1B2C3D4E5F6A7B8C9D0E21 /* Products */,
			);
			sourceTree = "<group>";
		};

		8A1B2C3D4E5F6A7B8C9D0E21 /* Products */ = {
			isa = PBXGroup;
			children = (
				AA000000000000000000008 /* ClosuresDemo.app */,
				BB000000000000000000007 /* ClosuresDemoTests.xctest */,
			);
			name = Products;
			sourceTree = "<group>";
		};

		8A1B2C3D4E5F6A7B8C9D0E22 /* Shared */ = {
			isa = PBXGroup;
			children = (
				F0000000000000000000003 /* EvalCounter.swift */,
				F0000000000000000000004 /* Handler.swift */,
				F0000000000000000000005 /* DemoComponents.swift */,
			);
			path = Shared;
			sourceTree = "<group>";
		};

		8A1B2C3D4E5F6A7B8C9D0E23 /* Demos */ = {
			isa = PBXGroup;
			children = (
				F0000000000000000000006 /* Demo1_EnvironmentClosure.swift */,
				F0000000000000000000007 /* Demo2_ViewPropertyClosure.swift */,
				F0000000000000000000008 /* Demo3_BestPractice.swift */,
				F0000000000000000000010 /* Demo4_CompoundEffect.swift */,
			);
			path = Demos;
			sourceTree = "<group>";
		};

		8A1B2C3D4E5F6A7B8C9D0E24 /* ClosuresDemoTests */ = {
			isa = PBXGroup;
			children = (
				F0000000000000000000009 /* ClosureBehaviorTests.swift */,
			);
			path = ClosuresDemoTests;
			sourceTree = "<group>";
		};
/* End PBXGroup section */

/* Begin PBXNativeTarget section */

		AA000000000000000000001 /* ClosuresDemo */ = {
			isa = PBXNativeTarget;
			buildConfigurationList = AA000000000000000000007 /* Build configuration list for PBXNativeTarget "ClosuresDemo" */;
			buildPhases = (
				AA000000000000000000002 /* Sources */,
				AA000000000000000000003 /* Frameworks */,
				AA000000000000000000004 /* Resources */,
			);
			buildRules = (
			);
			dependencies = (
			);
			name = ClosuresDemo;
			productName = ClosuresDemo;
			productReference = AA000000000000000000008 /* ClosuresDemo.app */;
			productType = "com.apple.product-type.application";
		};

		BB000000000000000000001 /* ClosuresDemoTests */ = {
			isa = PBXNativeTarget;
			buildConfigurationList = BB000000000000000000006 /* Build configuration list for PBXNativeTarget "ClosuresDemoTests" */;
			buildPhases = (
				BB000000000000000000002 /* Sources */,
				BB000000000000000000003 /* Frameworks */,
			);
			buildRules = (
			);
			dependencies = (
			);
			name = ClosuresDemoTests;
			productName = ClosuresDemoTests;
			productReference = BB000000000000000000007 /* ClosuresDemoTests.xctest */;
			productType = "com.apple.product-type.bundle.unit-test";
		};
/* End PBXNativeTarget section */

/* Begin PBXProject section */

		8A1B2C3D4E5F6A7B8C9D0E1F /* Project object */ = {
			isa = PBXProject;
			attributes = {
				BuildIndependentTargetsInParallel = 1;
				LastSwiftUpdateCheck = 2630;
				LastUpgradeCheck = 2630;
				TargetAttributes = {
					AA000000000000000000001 = {
						CreatedOnToolsVersion = 26.3;
					};
					BB000000000000000000001 = {
						CreatedOnToolsVersion = 26.3;
						TestTargetID = AA000000000000000000001;
					};
				};
			};
			buildConfigurationList = CC000000000000000000003 /* Build configuration list for PBXProject "ClosuresDemo" */;
			compatibilityVersion = "Xcode 26.0";
			developmentRegion = en;
			hasScannedForEncodings = 0;
			knownRegions = (
				en,
				Base,
			);
			mainGroup = 8A1B2C3D4E5F6A7B8C9D0E20;
			productRefGroup = 8A1B2C3D4E5F6A7B8C9D0E21 /* Products */;
			projectDirPath = "";
			projectRoot = "";
			targets = (
				AA000000000000000000001 /* ClosuresDemo */,
				BB000000000000000000001 /* ClosuresDemoTests */,
			);
		};
/* End PBXProject section */

/* Begin PBXResourcesBuildPhase section */

		AA000000000000000000004 = {
			isa = PBXResourcesBuildPhase;
			buildActionMask = 2147483647;
			files = (
			);
			runOnlyForDeploymentPostprocessing = 0;
		};
/* End PBXResourcesBuildPhase section */

/* Begin PBXSourcesBuildPhase section */

		AA000000000000000000002 /* Sources */ = {
			isa = PBXSourcesBuildPhase;
			buildActionMask = 2147483647;
			files = (
				F1000000000000000000001 /* ClosuresDemoApp.swift in Sources */,
				F1000000000000000000002 /* ContentView.swift in Sources */,
				F1000000000000000000003 /* EvalCounter.swift in Sources */,
				F1000000000000000000004 /* Handler.swift in Sources */,
				F1000000000000000000005 /* DemoComponents.swift in Sources */,
				F1000000000000000000006 /* Demo1_EnvironmentClosure.swift in Sources */,
				F1000000000000000000007 /* Demo2_ViewPropertyClosure.swift in Sources */,
				F1000000000000000000008 /* Demo3_BestPractice.swift in Sources */,
				F1000000000000000000010 /* Demo4_CompoundEffect.swift in Sources */,
			);
			runOnlyForDeploymentPostprocessing = 0;
		};

		BB000000000000000000002 /* Sources */ = {
			isa = PBXSourcesBuildPhase;
			buildActionMask = 2147483647;
			files = (
				F1000000000000000000009 /* ClosureBehaviorTests.swift in Sources */,
			);
			runOnlyForDeploymentPostprocessing = 0;
		};
/* End PBXSourcesBuildPhase section */

/* Begin XCBuildConfiguration section */

		AA000000000000000000005 /* Debug */ = {
			isa = XCBuildConfiguration;
			buildSettings = {
				ASSET_CATALOG_COMPILER_ASSETS_OPTIMIZATIONS = space;
				CURRENT_PROJECT_VERSION = 1;
				GENERATE_INFOPLIST_FILE = YES;
				INFOPLIST_KEY_UIApplicationSceneManifest_Generation = YES;
				INFOPLIST_KEY_UIApplicationSupportsIndirectInputEvents = YES;
				INFOPLIST_KEY_UILaunchScreen_Generation = YES;
				INFOPLIST_KEY_UISupportedInterfaceOrientations_iPad = "UIInterfaceOrientationPortrait UIInterfaceOrientationPortraitUpsideDown UIInterfaceOrientationLandscapeLeft UIInterfaceOrientationLandscapeRight";
				INFOPLIST_KEY_UISupportedInterfaceOrientations_iPhone = "UIInterfaceOrientationPortrait UIInterfaceOrientationLandscapeLeft UIInterfaceOrientationLandscapeRight";
				IPHONEOS_DEPLOYMENT_TARGET = 18.0;
				LE_SWIFT_VERSION = 6.0;
				MARKETING_VERSION = 1.0;
				PRODUCT_BUNDLE_IDENTIFIER = com.closuresdemo.app;
				PRODUCT_NAME = "$(TARGET_NAME)";
				SDKROOT = iphoneos;
				SUPPORTED_PLATFORMS = "iphonesimulator iphoneos";
				SWIFT_EMIT_LOC_STRINGS = YES;
				SWIFT_VERSION = 6.0;
				TARGETED_DEVICE_FAMILY = "1,2";
			};
			name = Debug;
		};

		AA000000000000000000006 /* Release */ = {
			isa = XCBuildConfiguration;
			buildSettings = {
				ASSET_CATALOG_COMPILER_ASSETS_OPTIMIZATIONS = space;
				CURRENT_PROJECT_VERSION = 1;
				GENERATE_INFOPLIST_FILE = YES;
				INFOPLIST_KEY_UIApplicationSceneManifest_Generation = YES;
				INFOPLIST_KEY_UIApplicationSupportsIndirectInputEvents = YES;
				INFOPLIST_KEY_UILaunchScreen_Generation = YES;
				INFOPLIST_KEY_UISupportedInterfaceOrientations_iPad = "UIInterfaceOrientationPortrait UIInterfaceOrientationPortraitUpsideDown UIInterfaceOrientationLandscapeLeft UIInterfaceOrientationLandscapeRight";
				INFOPLIST_KEY_UISupportedInterfaceOrientations_iPhone = "UIInterfaceOrientationPortrait UIInterfaceOrientationLandscapeLeft UIInterfaceOrientationLandscapeRight";
				IPHONEOS_DEPLOYMENT_TARGET = 18.0;
				MARKETING_VERSION = 1.0;
				PRODUCT_BUNDLE_IDENTIFIER = com.closuresdemo.app;
				PRODUCT_NAME = "$(TARGET_NAME)";
				SDKROOT = iphoneos;
				SUPPORTED_PLATFORMS = "iphonesimulator iphoneos";
				SWIFT_EMIT_LOC_STRINGS = YES;
				SWIFT_VERSION = 6.0;
				TARGETED_DEVICE_FAMILY = "1,2";
			};
			name = Release;
		};

		BB000000000000000000004 /* Debug */ = {
			isa = XCBuildConfiguration;
			buildSettings = {
				BUNDLE_LOADER = "$(TEST_HOST)";
				CURRENT_PROJECT_VERSION = 1;
				GENERATE_INFOPLIST_FILE = YES;
				IPHONEOS_DEPLOYMENT_TARGET = 18.0;
				MARKETING_VERSION = 1.0;
				PRODUCT_BUNDLE_IDENTIFIER = com.closuresdemo.tests;
				PRODUCT_NAME = "$(TARGET_NAME)";
				SDKROOT = iphoneos;
				SUPPORTED_PLATFORMS = "iphonesimulator iphoneos";
				SWIFT_VERSION = 6.0;
				TARGETED_DEVICE_FAMILY = "1,2";
				TEST_HOST = "$(BUILT_PRODUCTS_DIR)/ClosuresDemo.app/$(BUNDLE_EXECUTABLE_FOLDER_PATH)/ClosuresDemo";
			};
			name = Debug;
		};

		BB000000000000000000005 /* Release */ = {
			isa = XCBuildConfiguration;
			buildSettings = {
				BUNDLE_LOADER = "$(TEST_HOST)";
				CURRENT_PROJECT_VERSION = 1;
				GENERATE_INFOPLIST_FILE = YES;
				IPHONEOS_DEPLOYMENT_TARGET = 18.0;
				MARKETING_VERSION = 1.0;
				PRODUCT_BUNDLE_IDENTIFIER = com.closuresdemo.tests;
				PRODUCT_NAME = "$(TARGET_NAME)";
				SDKROOT = iphoneos;
				SUPPORTED_PLATFORMS = "iphonesimulator iphoneos";
				SWIFT_VERSION = 6.0;
				TARGETED_DEVICE_FAMILY = "1,2";
				TEST_HOST = "$(BUILT_PRODUCTS_DIR)/ClosuresDemo.app/$(BUNDLE_EXECUTABLE_FOLDER_PATH)/ClosuresDemo";
			};
			name = Release;
		};

		CC000000000000000000001 /* Debug */ = {
			isa = XCBuildConfiguration;
			buildSettings = {
				ALWAYS_SEARCH_USER_PATHS = NO;
				CLANG_ANALYZER_NONNULL = YES;
				CLANG_ANALYZER_NUMBER_OBJECT_CONVERSION = YES_AGGRESSIVE;
				CLANG_CXX_LANGUAGE_STANDARD = "gnu++20";
				CLANG_ENABLE_MODULES = YES;
				CLANG_ENABLE_OBJC_ARC = YES;
				CLANG_ENABLE_OBJC_WEAK = YES;
				CLANG_WARN_BLOCK_CAPTURE_AUTORELEASING = YES;
				CLANG_WARN_BOOL_CONVERSION = YES;
				CLANG_WARN_COMMA = YES;
				CLANG_WARN_CONSTANT_CONVERSION = YES;
				CLANG_WARN_DEPRECATED_OBJC_IMPLEMENTATIONS = YES;
				CLANG_WARN_DIRECT_OBJC_ISA_USAGE = YES_ERROR;
				CLANG_WARN_DOCUMENTATION_COMMENTS = YES;
				CLANG_WARN_EMPTY_BODY = YES;
				CLANG_WARN_ENUM_CONVERSION = YES;
				CLANG_WARN_INFINITE_RECURSION = YES;
				CLANG_WARN_INT_CONVERSION = YES;
				CLANG_WARN_NON_LITERAL_NULL_CONVERSION = YES;
				CLANG_WARN_OBJC_IMPLICIT_RETAIN_SELF = YES;
				CLANG_WARN_OBJC_LITERAL_CONVERSION = YES;
				CLANG_WARN_OBJC_ROOT_CLASS = YES_ERROR;
				CLANG_WARN_QUOTED_INCLUDE_IN_FRAMEWORK_HEADER = YES;
				CLANG_WARN_RANGE_LOOP_ANALYSIS = YES;
				CLANG_WARN_STRICT_PROTOTYPES = YES;
				CLANG_WARN_SUSPICIOUS_MOVE = YES;
				CLANG_WARN_UNGUARDED_AVAILABILITY = YES_AGGRESSIVE;
				CLANG_WARN_UNREACHABLE_CODE = YES;
				CLANG_WARN__DUPLICATE_METHOD_NAMES = YES;
				COPY_PHASE_STRIP = NO;
				DEBUG_INFORMATION_FORMAT = dwarf;
				ENABLE_STRICT_OBJC_MSGSEND = YES;
				ENABLE_TESTABILITY = YES;
				GCC_C_LANGUAGE_STANDARD = gnu17;
				GCC_DYNAMIC_NO_PIC = NO;
				GCC_NO_COMMON_BLOCKS = YES;
				GCC_OPTIMIZATION_LEVEL = 0;
				GCC_PREPROCESSOR_DEFINITIONS = (
					"DEBUG=1",
					"$(inherited)",
				);
				GCC_WARN_64_TO_32_BIT_CONVERSION = YES;
				GCC_WARN_ABOUT_RETURN_TYPE = YES_ERROR;
				GCC_WARN_UNDECLARED_SELECTOR = YES;
				GCC_WARN_UNINITIALIZED_AUTOS = YES_AGGRESSIVE;
				GCC_WARN_UNUSED_FUNCTION = YES;
				GCC_WARN_UNUSED_VARIABLE = YES;
				IPHONEOS_DEPLOYMENT_TARGET = 18.0;
				MTL_ENABLE_DEBUG_INFO = INCLUDE_SOURCE;
				MTL_FAST_MATH = YES;
				ONLY_ACTIVE_ARCH = YES;
				SDKROOT = iphoneos;
				SWIFT_ACTIVE_COMPILATION_CONDITIONS = DEBUG;
				SWIFT_OPTIMIZATION_LEVEL = "-Onone";
			};
			name = Debug;
		};

		CC000000000000000000002 /* Release */ = {
			isa = XCBuildConfiguration;
			buildSettings = {
				ALWAYS_SEARCH_USER_PATHS = NO;
				CLANG_ANALYZER_NONNULL = YES;
				CLANG_CXX_LANGUAGE_STANDARD = "gnu++20";
				CLANG_ENABLE_MODULES = YES;
				CLANG_ENABLE_OBJC_ARC = YES;
				CLANG_ENABLE_OBJC_WEAK = YES;
				COPY_PHASE_STRIP = NO;
				DEBUG_INFORMATION_FORMAT = "dwarf-with-dsym";
				ENABLE_NS_ASSERTIONS = NO;
				ENABLE_STRICT_OBJC_MSGSEND = YES;
				GCC_C_LANGUAGE_STANDARD = gnu17;
				GCC_NO_COMMON_BLOCKS = YES;
				GCC_WARN_64_TO_32_BIT_CONVERSION = YES;
				GCC_WARN_ABOUT_RETURN_TYPE = YES_ERROR;
				GCC_WARN_UNDECLARED_SELECTOR = YES;
				GCC_WARN_UNINITIALIZED_AUTOS = YES_AGGRESSIVE;
				GCC_WARN_UNUSED_FUNCTION = YES;
				GCC_WARN_UNUSED_VARIABLE = YES;
				IPHONEOS_DEPLOYMENT_TARGET = 18.0;
				MTL_FAST_MATH = YES;
				SDKROOT = iphoneos;
				SWIFT_COMPILATION_MODE = wholemodule;
				VALIDATE_PRODUCT = YES;
			};
			name = Release;
		};
/* End XCBuildConfiguration section */

/* Begin XCConfigurationList section */

		AA000000000000000000007 /* Build configuration list for PBXNativeTarget "ClosuresDemo" */ = {
			isa = XCConfigurationList;
			buildConfigurations = (
				AA000000000000000000005 /* Debug */,
				AA000000000000000000006 /* Release */,
			);
			defaultConfigurationIsVisible = 0;
			defaultConfigurationName = Release;
		};
		BB000000000000000000006 /* Build configuration list for PBXNativeTarget "ClosuresDemoTests" */ = {
			isa = XCConfigurationList;
			buildConfigurations = (
				BB000000000000000000004 /* Debug */,
				BB000000000000000000005 /* Release */,
			);
			defaultConfigurationIsVisible = 0;
			defaultConfigurationName = Release;
		};
		CC000000000000000000003 /* Build configuration list for PBXProject "ClosuresDemo" */ = {
			isa = XCConfigurationList;
			buildConfigurations = (
				CC000000000000000000001 /* Debug */,
				CC000000000000000000002 /* Release */,
			);
			defaultConfigurationIsVisible = 0;
			defaultConfigurationName = Release;
		};
/* End XCConfigurationList section */
	};
	rootObject = 8A1B2C3D4E5F6A7B8C9D0E1F /* Project object */;
}
